
Microsoft Visual Studio Solution File, Format Version 12.00
# Visual Studio Version 17
VisualStudioVersion = 17.4.33213.308
MinimumVisualStudioVersion = 10.0.40219.1
Project("{FAE04EC0-301F-11D3-BF4B-00C04F79EFBC}") = "ConsoleApp53", "ConsoleApp53\ConsoleApp53.csproj", "{4D9694C2-EDF8-4EE4-97BC-1ED18D83B174}"
EndProject
Global
	GlobalSection(SolutionConfigurationPlatforms) = preSolution
		Debug|Any CPU = Debug|Any CPU
		Release|Any CPU = Release|Any CPU
	EndGlobalSection
	GlobalSection(ProjectConfigurationPlatforms) = postSolution
		{4D9694C2-EDF8-4EE4-97BC-1ED18D83B174}.Debug|Any CPU.ActiveCfg = Debug|Any CPU
		{4D9694C2-EDF8-4EE4-97BC-1ED18D83B174}.Debug|Any CPU.Build.0 = Debug|Any CPU
		{4D9694C2-EDF8-4EE4-97BC-1ED18D83B174}.Release|Any CPU.ActiveCfg = Release|Any CPU
		{4D9694C2-EDF8-4EE4-97BC-1ED18D83B174}.Release|Any CPU.Build.0 = Release|Any CPU
	EndGlobalSection
	GlobalSection(SolutionProperties) = preSolution
		HideSolutionNode = FALSE
	EndGlobalSection
	GlobalSection(ExtensibilityGlobals) = postSolution
		SolutionGuid = {4B0F2F58-8D78-4753-80CF-BC175F978009}
	EndGlobalSection
EndGlobal
